// !$*UTF8*$!
{
	archiveVersion = 1;
	classes = {
	};
	objectVersion = 46;
	objects = {

/* Begin PBXBuildFile section */
		6229DA261AA1304C00AC9788 /* Foundation.framework in Frameworks */ = {isa = PBXBuildFile; fileRef = 6229DA251AA1304C00AC9788 /* Foundation.framework */; };
		6229DA281AA1304C00AC9788 /* CoreGraphics.framework in Frameworks */ = {isa = PBXBuildFile; fileRef = 6229DA271AA1304C00AC9788 /* CoreGraphics.framework */; };
		6229DA2A1AA1304C00AC9788 /* UIKit.framework in Frameworks */ = {isa = PBXBuildFile; fileRef = 6229DA291AA1304C00AC9788 /* UIKit.framework */; };
		6229DA301AA1304C00AC9788 /* InfoPlist.strings in Resources */ = {isa = PBXBuildFile; fileRef = 6229DA2E1AA1304C00AC9788 /* InfoPlist.strings */; };
		6229DA321AA1304C00AC9788 /* main.m in Sources */ = {isa = PBXBuildFile; fileRef = 6229DA311AA1304C00AC9788 /* main.m */; };
		6229DA361AA1304C00AC9788 /* MVRAppDelegate.m in Sources */ = {isa = PBXBuildFile; fileRef = 6229DA351AA1304C00AC9788 /* MVRAppDelegate.m */; };
		6229DA391AA1304C00AC9788 /* Main.storyboard in Resources */ = {isa = PBXBuildFile; fileRef = 6229DA371AA1304C00AC9788 /* Main.storyboard */; };
		6229DA3C1AA1304C00AC9788 /* MVRViewController.m in Sources */ = {isa = PBXBuildFile; fileRef = 6229DA3B1AA1304C00AC9788 /* MVRViewController.m */; };
		6229DA3E1AA1304C00AC9788 /* Images.xcassets in Resources */ = {isa = PBXBuildFile; fileRef = 6229DA3D1AA1304C00AC9788 /* Images.xcassets */; };
		6229DA451AA1304C00AC9788 /* XCTest.framework in Frameworks */ = {isa = PBXBuildFile; fileRef = 6229DA441AA1304C00AC9788 /* XCTest.framework */; };
		6229DA461AA1304C00AC9788 /* Foundation.framework in Frameworks */ = {isa = PBXBuildFile; fileRef = 6229DA251AA1304C00AC9788 /* Foundation.framework */; };
		6229DA471AA1304C00AC9788 /* UIKit.framework in Frameworks */ = {isa = PBXBuildFile; fileRef = 6229DA291AA1304C00AC9788 /* UIKit.framework */; };
		6229DA4F1AA1304C00AC9788 /* InfoPlist.strings in Resources */ = {isa = PBXBuildFile; fileRef = 6229DA4D1AA1304C00AC9788 /* InfoPlist.strings */; };
		6229DA511AA1304C00AC9788 /* Hour9ClassTests.m in Sources */ = {isa = PBXBuildFile; fileRef = 6229DA501AA1304C00AC9788 /* Hour9ClassTests.m */; };
/* End PBXBuildFile section */

/* Begin PBXContainerItemProxy section */
		6229DA481AA1304C00AC9788 /* PBXContainerItemProxy */ = {
			isa = PBXContainerItemProxy;
			containerPortal = 6229DA1A1AA1304C00AC9788 /* Project object */;
			proxyType = 1;
			remoteGlobalIDString = 6229DA211AA1304C00AC9788;
			remoteInfo = Hour9Class;
		};
/* End PBXContainerItemProxy section */

/* Begin PBXFileReference section */
		6229DA221AA1304C00AC9788 /* Hour9Class.app */ = {isa = PBXFileReference; explicitFileType = wrapper.application; includeInIndex = 0; path = Hour9Class.app; sourceTree = BUILT_PRODUCTS_DIR; };
		6229DA251AA1304C00AC9788 /* Foundation.framework */ = {isa = PBXFileReference; lastKnownFileType = wrapper.framework; name = Foundation.framework; path = System/Library/Frameworks/Foundation.framework; sourceTree = SDKROOT; };
		6229DA271AA1304C00AC9788 /* CoreGraphics.framework */ = {isa = PBXFileReference; lastKnownFileType = wrapper.framework; name = CoreGraphics.framework; path = System/Library/Frameworks/CoreGraphics.framework; sourceTree = SDKROOT; };
		6229DA291AA1304C00AC9788 /* UIKit.framework */ = {isa = PBXFileReference; lastKnownFileType = wrapper.framework; name = UIKit.framework; path = System/Library/Frameworks/UIKit.framework; sourceTree = SDKROOT; };
		6229DA2D1AA1304C00AC9788 /* Hour9Class-Info.plist */ = {isa = PBXFileReference; lastKnownFileType = text.plist.xml; path = "Hour9Class-Info.plist"; sourceTree = "<group>"; };
		6229DA2F1AA1304C00AC9788 /* en */ = {isa = PBXFileReference; lastKnownFileType = text.plist.strings; name = en; path = en.lproj/InfoPlist.strings; sourceTree = "<group>"; };
		6229DA311AA1304C00AC9788 /* main.m */ = {isa = PBXFileReference; lastKnownFileType = sourcecode.c.objc; path = main.m; sourceTree = "<group>"; };
		6229DA331AA1304C00AC9788 /* Hour9Class-Prefix.pch */ = {isa = PBXFileReference; lastKnownFileType = sourcecode.c.h; path = "Hour9Class-Prefix.pch"; sourceTree = "<group>"; };
		6229DA341AA1304C00AC9788 /* MVRAppDelegate.h */ = {isa = PBXFileReference; lastKnownFileType = sourcecode.c.h; path = MVRAppDelegate.h; sourceTree = "<group>"; };
		6229DA351AA1304C00AC9788 /* MVRAppDelegate.m */ = {isa = PBXFileReference; lastKnownFileType = sourcecode.c.objc; path = MVRAppDelegate.m; sourceTree = "<group>"; };
		6229DA381AA1304C00AC9788 /* Base */ = {isa = PBXFileReference; lastKnownFileType = file.storyboard; name = Base; path = Base.lproj/Main.storyboard; sourceTree = "<group>"; };
		6229DA3A1AA1304C00AC9788 /* MVRViewController.h */ = {isa = PBXFileReference; lastKnownFileType = sourcecode.c.h; path = MVRViewController.h; sourceTree = "<group>"; };
		6229DA3B1AA1304C00AC9788 /* MVRViewController.m */ = {isa = PBXFileReference; lastKnownFileType = sourcecode.c.objc; path = MVRViewController.m; sourceTree = "<group>"; };
		6229DA3D1AA1304C00AC9788 /* Images.xcassets */ = {isa = PBXFileReference; lastKnownFileType = folder.assetcatalog; path = Images.xcassets; sourceTree = "<group>"; };
		6229DA431AA1304C00AC9788 /* Hour9ClassTests.xctest */ = {isa = PBXFileReference; explicitFileType = wrapper.cfbundle; includeInIndex = 0; path = Hour9ClassTests.xctest; sourceTree = BUILT_PRODUCTS_DIR; };
		6229DA441AA1304C00AC9788 /* XCTest.framework */ = {isa = PBXFileReference; lastKnownFileType = wrapper.framework; name = XCTest.framework; path = Library/Frameworks/XCTest.framework; sourceTree = DEVELOPER_DIR; };
		6229DA4C1AA1304C00AC9788 /* Hour9ClassTests-Info.plist */ = {isa = PBXFileReference; lastKnownFileType = text.plist.xml; path = "Hour9ClassTests-Info.plist"; sourceTree = "<group>"; };
		6229DA4E1AA1304C00AC9788 /* en */ = {isa = PBXFileReference; lastKnownFileType = text.plist.strings; name = en; path = en.lproj/InfoPlist.strings; sourceTree = "<group>"; };
		6229DA501AA1304C00AC9788 /* Hour9ClassTests.m */ = {isa = PBXFileReference; lastKnownFileType = sourcecode.c.objc; path = Hour9ClassTests.m; sourceTree = "<group>"; };
/* End PBXFileReference section */

/* Begin PBXFrameworksBuildPhase section */
		6229DA1F1AA1304C00AC9788 /* Frameworks */ = {
			isa = PBXFrameworksBuildPhase;
			buildActionMask = 2147483647;
			files = (
				6229DA281AA1304C00AC9788 /* CoreGraphics.framework in Frameworks */,
				6229DA2A1AA1304C00AC9788 /* UIKit.framework in Frameworks */,
				6229DA261AA1304C00AC9788 /* Foundation.framework in Frameworks */,
			);
			runOnlyForDeploymentPostprocessing = 0;
		};
		6229DA401AA1304C00AC9788 /* Frameworks */ = {
			isa = PBXFrameworksBuildPhase;
			buildActionMask = 2147483647;
			files = (
				6229DA451AA1304C00AC9788 /* XCTest.framework in Frameworks */,
				6229DA471AA1304C00AC9788 /* UIKit.framework in Frameworks */,
				6229DA461AA1304C00AC9788 /* Foundation.framework in Frameworks */,
			);
			runOnlyForDeploymentPostprocessing = 0;
		};
/* End PBXFrameworksBuildPhase section */

/* Begin PBXGroup section */
		6229DA191AA1304C00AC9788 = {
			isa = PBXGroup;
			children = (
				6229DA2B1AA1304C00AC9788 /* Hour9Class */,
				6229DA4A1AA1304C00AC9788 /* Hour9ClassTests */,
				6229DA241AA1304C00AC9788 /* Frameworks */,
				6229DA231AA1304C00AC9788 /* Products */,
			);
			sourceTree = "<group>";
		};
		6229DA231AA1304C00AC9788 /* Products */ = {
			isa = PBXGroup;
			children = (
				6229DA221AA1304C00AC9788 /* Hour9Class.app */,
				6229DA431AA1304C00AC9788 /* Hour9ClassTests.xctest */,
			);
			name = Products;
			sourceTree = "<group>";
		};
		6229DA241AA1304C00AC9788 /* Frameworks */ = {
			isa = PBXGroup;
			children = (
				6229DA251AA1304C00AC9788 /* Foundation.framework */,
				6229DA271AA1304C00AC9788 /* CoreGraphics.framework */,
				6229DA291AA1304C00AC9788 /* UIKit.framework */,
				6229DA441AA1304C00AC9788 /* XCTest.framework */,
			);
			name = Frameworks;
			sourceTree = "<group>";
		};
		6229DA2B1AA1304C00AC9788 /* Hour9Class */ = {
			isa = PBXGroup;
			children = (
				6229DA341AA1304C00AC9788 /* MVRAppDelegate.h */,
				6229DA351AA1304C00AC9788 /* MVRAppDelegate.m */,
				6229DA371AA1304C00AC9788 /* Main.storyboard */,
				6229DA3A1AA1304C00AC9788 /* MVRViewController.h */,
				6229DA3B1AA1304C00AC9788 /* MVRViewController.m */,
				6229DA3D1AA1304C00AC9788 /* Images.xcassets */,
				6229DA2C1AA1304C00AC9788 /* Supporting Files */,
			);
			path = Hour9Class;
			sourceTree = "<group>";
		};
		6229DA2C1AA1304C00AC9788 /* Supporting Files */ = {
			isa = PBXGroup;
			children = (
				6229DA2D1AA1304C00AC9788 /* Hour9Class-Info.plist */,
				6229DA2E1AA1304C00AC9788 /* InfoPlist.strings */,
				6229DA311AA1304C00AC9788 /* main.m */,
				6229DA331AA1304C00AC9788 /* Hour9Class-Prefix.pch */,
			);
			name = "Supporting Files";
			sourceTree = "<group>";
		};
		6229DA4A1AA1304C00AC9788 /* Hour9ClassTests */ = {
			isa = PBXGroup;
			children = (
				6229DA501AA1304C00AC9788 /* Hour9ClassTests.m */,
				6229DA4B1AA1304C00AC9788 /* Supporting Files */,
			);
			path = Hour9ClassTests;
			sourceTree = "<group>";
		};
		6229DA4B1AA1304C00AC9788 /* Supporting Files */ = {
			isa = PBXGroup;
			children = (
				6229DA4C1AA1304C00AC9788 /* Hour9ClassTests-Info.plist */,
				6229DA4D1AA1304C00AC9788 /* InfoPlist.strings */,
			);
			name = "Supporting Files";
			sourceTree = "<group>";
		};
/* End PBXGroup section */

/* Begin PBXNativeTarget section */
		6229DA211AA1304C00AC9788 /* Hour9Class */ = {
			isa = PBXNativeTarget;
			buildConfigurationList = 6229DA541AA1304C00AC9788 /* Build configuration list for PBXNativeTarget "Hour9Class" */;
			buildPhases = (
				6229DA1E1AA1304C00AC9788 /* Sources */,
				6229DA1F1AA1304C00AC9788 /* Frameworks */,
				6229DA201AA1304C00AC9788 /* Resources */,
			);
			buildRules = (
			);
			dependencies = (
			);
			name = Hour9Class;
			productName = Hour9Class;
			productReference = 6229DA221AA1304C00AC9788 /* Hour9Class.app */;
			productType = "com.apple.product-type.application";
		};
		6229DA421AA1304C00AC9788 /* Hour9ClassTests */ = {
			isa = PBXNativeTarget;
			buildConfigurationList = 6229DA571AA1304C00AC9788 /* Build configuration list for PBXNativeTarget "Hour9ClassTests" */;
			buildPhases = (
				6229DA3F1AA1304C00AC9788 /* Sources */,
				6229DA401AA1304C00AC9788 /* Frameworks */,
				6229DA411AA1304C00AC9788 /* Resources */,
			);
			buildRules = (
			);
			dependencies = (
				6229DA491AA1304C00AC9788 /* PBXTargetDependency */,
			);
			name = Hour9ClassTests;
			productName = Hour9ClassTests;
			productReference = 6229DA431AA1304C00AC9788 /* Hour9ClassTests.xctest */;
			productType = "com.apple.product-type.bundle.unit-test";
		};
/* End PBXNativeTarget section */

/* Begin PBXProject section */
		6229DA1A1AA1304C00AC9788 /* Project object */ = {
			isa = PBXProject;
			attributes = {
				CLASSPREFIX = MVR;
				LastUpgradeCheck = 0510;
				ORGANIZATIONNAME = Hour9Class_MRanda_Mranda;
				TargetAttributes = {
					6229DA421AA1304C00AC9788 = {
						TestTargetID = 6229DA211AA1304C00AC9788;
					};
				};
			};
			buildConfigurationList = 6229DA1D1AA1304C00AC9788 /* Build configuration list for PBXProject "Hour9Class" */;
			compatibilityVersion = "Xcode 3.2";
			developmentRegion = English;
			hasScannedForEncodings = 0;
			knownRegions = (
				en,
				Base,
			);
			mainGroup = 6229DA191AA1304C00AC9788;
			productRefGroup = 6229DA231AA1304C00AC9788 /* Products */;
			projectDirPath = "";
			projectRoot = "";
			targets = (
				6229DA211AA1304C00AC9788 /* Hour9Class */,
				6229DA421AA1304C00AC9788 /* Hour9ClassTests */,
			);
		};
/* End PBXProject section */

/* Begin PBXResourcesBuildPhase section */
		6229DA201AA1304C00AC9788 /* Resources */ = {
			isa = PBXResourcesBuildPhase;
			buildActionMask = 2147483647;
			files = (
				6229DA3E1AA1304C00AC9788 /* Images.xcassets in Resources */,
				6229DA301AA1304C00AC9788 /* InfoPlist.strings in Resources */,
				6229DA391AA1304C00AC9788 /* Main.storyboard in Resources */,
			);
			runOnlyForDeploymentPostprocessing = 0;
		};
		6229DA411AA1304C00AC9788 /* Resources */ = {
			isa = PBXResourcesBuildPhase;
			buildActionMask = 2147483647;
			files = (
				6229DA4F1AA1304C00AC9788 /* InfoPlist.strings in Resources */,
			);
			runOnlyForDeploymentPostprocessing = 0;
		};
/* End PBXResourcesBuildPhase section */

/* Begin PBXSourcesBuildPhase section */
		6229DA1E1AA1304C00AC9788 /* Sources */ = {
			isa = PBXSourcesBuildPhase;
			buildActionMask = 2147483647;
			files = (
				6229DA361AA1304C00AC9788 /* MVRAppDelegate.m in Sources */,
				6229DA321AA1304C00AC9788 /* main.m in Sources */,
				6229DA3C1AA1304C00AC9788 /* MVRViewController.m in Sources */,
			);
			runOnlyForDeploymentPostprocessing = 0;
		};
		6229DA3F1AA1304C00AC9788 /* Sources */ = {
			isa = PBXSourcesBuildPhase;
			buildActionMask = 2147483647;
			files = (
				6229DA511AA1304C00AC9788 /* Hour9ClassTests.m in Sources */,
			);
			runOnlyForDeploymentPostprocessing = 0;
		};
/* End PBXSourcesBuildPhase section */

/* Begin PBXTargetDependency section */
		6229DA491AA1304C00AC9788 /* PBXTargetDependency */ = {
			isa = PBXTargetDependency;
			target = 6229DA211AA1304C00AC9788 /* Hour9Class */;
			targetProxy = 6229DA481AA1304C00AC9788 /* PBXContainerItemProxy */;
		};
/* End PBXTargetDependency section */

/* Begin PBXVariantGroup section */
		6229DA2E1AA1304C00AC9788 /* InfoPlist.strings */ = {
			isa = PBXVariantGroup;
			children = (
				6229DA2F1AA1304C00AC9788 /* en */,
			);
			name = InfoPlist.strings;
			sourceTree = "<group>";
		};
		6229DA371AA1304C00AC9788 /* Main.storyboard */ = {
			isa = PBXVariantGroup;
			children = (
				6229DA381AA1304C00AC9788 /* Base */,
			);
			name = Main.storyboard;
			sourceTree = "<group>";
		};
		6229DA4D1AA1304C00AC9788 /* InfoPlist.strings */ = {
			isa = PBXVariantGroup;
			children = (
				6229DA4E1AA1304C00AC9788 /* en */,
			);
			name = InfoPlist.strings;
			sourceTree = "<group>";
		};
/* End PBXVariantGroup section */

/* Begin XCBuildConfiguration section */
		6229DA521AA1304C00AC9788 /* Debug */ = {
			isa = XCBuildConfiguration;
			buildSettings = {
				ALWAYS_SEARCH_USER_PATHS = NO;
				CLANG_CXX_LANGUAGE_STANDARD = "gnu++0x";
				CLANG_CXX_LIBRARY = "libc++";
				CLANG_ENABLE_MODULES = YES;
				CLANG_ENABLE_OBJC_ARC = YES;
				CLANG_WARN_BOOL_CONVERSION = YES;
				CLANG_WARN_CONSTANT_CONVERSION = YES;
				CLANG_WARN_DIRECT_OBJC_ISA_USAGE = YES_ERROR;
				CLANG_WARN_EMPTY_BODY = YES;
				CLANG_WARN_ENUM_CONVERSION = YES;
				CLANG_WARN_INT_CONVERSION = YES;
				CLANG_WARN_OBJC_ROOT_CLASS = YES_ERROR;
				CLANG_WARN__DUPLICATE_METHOD_MATCH = YES;
				"CODE_SIGN_IDENTITY[sdk=iphoneos*]" = "iPhone Developer";
				COPY_PHASE_STRIP = NO;
				GCC_C_LANGUAGE_STANDARD = gnu99;
				GCC_DYNAMIC_NO_PIC = NO;
				GCC_OPTIMIZATION_LEVEL = 0;
				GCC_PREPROCESSOR_DEFINITIONS = (
					"DEBUG=1",
					"$(inherited)",
				);
				GCC_SYMBOLS_PRIVATE_EXTERN = NO;
				GCC_WARN_64_TO_32_BIT_CONVERSION = YES;
				GCC_WARN_ABOUT_RETURN_TYPE = YES_ERROR;
				GCC_WARN_UNDECLARED_SELECTOR = YES;
				GCC_WARN_UNINITIALIZED_AUTOS = YES_AGGRESSIVE;
				GCC_WARN_UNUSED_FUNCTION = YES;
				GCC_WARN_UNUSED_VARIABLE = YES;
				IPHONEOS_DEPLOYMENT_TARGET = 7.1;
				ONLY_ACTIVE_ARCH = YES;
				SDKROOT = iphoneos;
			};
			name = Debug;
		};
		6229DA531AA1304C00AC9788 /* Release */ = {
			isa = XCBuildConfiguration;
			buildSettings = {
				ALWAYS_SEARCH_USER_PATHS = NO;
				CLANG_CXX_LANGUAGE_STANDARD = "gnu++0x";
				CLANG_CXX_LIBRARY = "libc++";
				CLANG_ENABLE_MODULES = YES;
				CLANG_ENABLE_OBJC_ARC = YES;
				CLANG_WARN_BOOL_CONVERSION = YES;
				CLANG_WARN_CONSTANT_CONVERSION = YES;
				CLANG_WARN_DIRECT_OBJC_ISA_USAGE = YES_ERROR;
				CLANG_WARN_EMPTY_BODY = YES;
				CLANG_WARN_ENUM_CONVERSION = YES;
				CLANG_WARN_INT_CONVERSION = YES;
				CLANG_WARN_OBJC_ROOT_CLASS = YES_ERROR;
				CLANG_WARN__DUPLICATE_METHOD_MATCH = YES;
				"CODE_SIGN_IDENTITY[sdk=iphoneos*]" = "iPhone Developer";
				COPY_PHASE_STRIP = YES;
				ENABLE_NS_ASSERTIONS = NO;
				GCC_C_LANGUAGE_STANDARD = gnu99;
				GCC_WARN_64_TO_32_BIT_CONVERSION = YES;
				GCC_WARN_ABOUT_RETURN_TYPE = YES_ERROR;
				GCC_WARN_UNDECLARED_SELECTOR = YES;
				GCC_WARN_UNINITIALIZED_AUTOS = YES_AGGRESSIVE;
				GCC_WARN_UNUSED_FUNCTION = YES;
				GCC_WARN_UNUSED_VARIABLE = YES;
				IPHONEOS_DEPLOYMENT_TARGET = 7.1;
				SDKROOT = iphoneos;
				VALIDATE_PRODUCT = YES;
			};
			name = Release;
		};
		6229DA551AA1304C00AC9788 /* Debug */ = {
			isa = XCBuildConfiguration;
			buildSettings = {
				ASSETCATALOG_COMPILER_APPICON_NAME = AppIcon;
				ASSETCATALOG_COMPILER_LAUNCHIMAGE_NAME = LaunchImage;
				GCC_PRECOMPILE_PREFIX_HEADER = YES;
				GCC_PREFIX_HEADER = "Hour9Class/Hour9Class-Prefix.pch";
				INFOPLIST_FILE = "Hour9Class/Hour9Class-Info.plist";
				PRODUCT_NAME = "$(TARGET_NAME)";
				WRAPPER_EXTENSION = app;
			};
			name = Debug;
		};
		6229DA561AA1304C00AC9788 /* Release */ = {
			isa = XCBuildConfiguration;
			buildSettings = {
				ASSETCATALOG_COMPILER_APPICON_NAME = AppIcon;
				ASSETCATALOG_COMPILER_LAUNCHIMAGE_NAME = LaunchImage;
				GCC_PRECOMPILE_PREFIX_HEADER = YES;
				GCC_PREFIX_HEADER = "Hour9Class/Hour9Class-Prefix.pch";
				INFOPLIST_FILE = "Hour9Class/Hour9Class-Info.plist";
				PRODUCT_NAME = "$(TARGET_NAME)";
				WRAPPER_EXTENSION = app;
			};
			name = Release;
		};
		6229DA581AA1304C00AC9788 /* Debug */ = {
			isa = XCBuildConfiguration;
			buildSettings = {
				BUNDLE_LOADER = "$(BUILT_PRODUCTS_DIR)/Hour9Class.app/Hour9Class";
				FRAMEWORK_SEARCH_PATHS = (
					"$(SDKROOT)/Developer/Library/Frameworks",
					"$(inherited)",
					"$(DEVELOPER_FRAMEWORKS_DIR)",
				);
				GCC_PRECOMPILE_PREFIX_HEADER = YES;
				GCC_PREFIX_HEADER = "Hour9Class/Hour9Class-Prefix.pch";
				GCC_PREPROCESSOR_DEFINITIONS = (
					"DEBUG=1",
					"$(inherited)",
				);
				INFOPLIST_FILE = "Hour9ClassTests/Hour9ClassTests-Info.plist";
				PRODUCT_NAME = "$(TARGET_NAME)";
				TEST_HOST = "$(BUNDLE_LOADER)";
				WRAPPER_EXTENSION = xctest;
			};
			name = Debug;
		};
		6229DA591AA1304C00AC9788 /* Release */ = {
			isa = XCBuildConfiguration;
			buildSettings = {
				BUNDLE_LOADER = "$(BUILT_PRODUCTS_DIR)/Hour9Class.app/Hour9Class";
				FRAMEWORK_SEARCH_PATHS = (
					"$(SDKROOT)/Developer/Library/Frameworks",
					"$(inherited)",
					"$(DEVELOPER_FRAMEWORKS_DIR)",
				);
				GCC_PRECOMPILE_PREFIX_HEADER = YES;
				GCC_PREFIX_HEADER = "Hour9Class/Hour9Class-Prefix.pch";
				INFOPLIST_FILE = "Hour9ClassTests/Hour9ClassTests-Info.plist";
				PRODUCT_NAME = "$(TARGET_NAME)";
				TEST_HOST = "$(BUNDLE_LOADER)";
				WRAPPER_EXTENSION = xctest;
			};
			name = Release;
		};
/* End XCBuildConfiguration section */

/* Begin XCConfigurationList section */
		6229DA1D1AA1304C00AC9788 /* Build configuration list for PBXProject "Hour9Class" */ = {
			isa = XCConfigurationList;
			buildConfigurations = (
				6229DA521AA1304C00AC9788 /* Debug */,
				6229DA531AA1304C00AC9788 /* Release */,
			);
			defaultConfigurationIsVisible = 0;
			defaultConfigurationName = Release;
		};
		6229DA541AA1304C00AC9788 /* Build configuration list for PBXNativeTarget "Hour9Class" */ = {
			isa = XCConfigurationList;
			buildConfigurations = (
				6229DA551AA1304C00AC9788 /* Debug */,
				6229DA561AA1304C00AC9788 /* Release */,
			);
			defaultConfigurationIsVisible = 0;
		};
		6229DA571AA1304C00AC9788 /* Build configuration list for PBXNativeTarget "Hour9ClassTests" */ = {
			isa = XCConfigurationList;
			buildConfigurations = (
				6229DA581AA1304C00AC9788 /* Debug */,
				6229DA591AA1304C00AC9788 /* Release */,
			);
			defaultConfigurationIsVisible = 0;
		};
/* End XCConfigurationList section */
	};
	rootObject = 6229DA1A1AA1304C00AC9788 /* Project object */;
}
